// !$*UTF8*$!
{
	archiveVersion = 1;
	classes = {
	};
	objectVersion = 56;
	objects = {

/* Begin PBXBuildFile section */
		755F38E62CC3016300ADE2A8 /* ArtworkDetailView.swift in Sources */ = {isa = PBXBuildFile; fileRef = 755F38E52CC3016300ADE2A8 /* ArtworkDetailView.swift */; };
		756E92912C9C8DFA00378F6F /* myArtApp.swift in Sources */ = {isa = PBXBuildFile; fileRef = 756E92902C9C8DFA00378F6F /* myArtApp.swift */; };
		756E92932C9C8DFA00378F6F /* GaleryView.swift in Sources */ = {isa = PBXBuildFile; fileRef = 756E92922C9C8DFA00378F6F /* GaleryView.swift */; };
		756E92952C9C8DFB00378F6F /* Assets.xcassets in Resources */ = {isa = PBXBuildFile; fileRef = 756E92942C9C8DFB00378F6F /* Assets.xcassets */; };
		756E92982C9C8DFB00378F6F /* Preview Assets.xcassets in Resources */ = {isa = PBXBuildFile; fileRef = 756E92972C9C8DFB00378F6F /* Preview Assets.xcassets */; };
		756E929F2C9C8E2800378F6F /* Artworks.swift in Sources */ = {isa = PBXBuildFile; fileRef = 756E929E2C9C8E2800378F6F /* Artworks.swift */; };
		756E92A32C9C8E6D00378F6F /* ArtworksViewModel.swift in Sources */ = {isa = PBXBuildFile; fileRef = 756E92A22C9C8E6D00378F6F /* ArtworksViewModel.swift */; };
		756E92A82C9C975800378F6F /* ARView.swift in Sources */ = {isa = PBXBuildFile; fileRef = 756E92A72C9C975800378F6F /* ARView.swift */; };
/* End PBXBuildFile section */

/* Begin PBXFileReference section */
		755F38E52CC3016300ADE2A8 /* ArtworkDetailView.swift */ = {isa = PBXFileReference; lastKnownFileType = sourcecode.swift; path = ArtworkDetailView.swift; sourceTree = "<group>"; };
		756E928D2C9C8DFA00378F6F /* myArt.app */ = {isa = PBXFileReference; explicitFileType = wrapper.application; includeInIndex = 0; path = myArt.app; sourceTree = BUILT_PRODUCTS_DIR; };
		756E92902C9C8DFA00378F6F /* myArtApp.swift */ = {isa = PBXFileReference; lastKnownFileType = sourcecode.swift; path = myArtApp.swift; sourceTree = "<group>"; };
		756E92922C9C8DFA00378F6F /* GaleryView.swift */ = {isa = PBXFileReference; lastKnownFileType = sourcecode.swift; path = GaleryView.swift; sourceTree = "<group>"; };
		756E92942C9C8DFB00378F6F /* Assets.xcassets */ = {isa = PBXFileReference; lastKnownFileType = folder.assetcatalog; path = Assets.xcassets; sourceTree = "<group>"; };
		756E92972C9C8DFB00378F6F /* Preview Assets.xcassets */ = {isa = PBXFileReference; lastKnownFileType = folder.assetcatalog; path = "Preview Assets.xcassets"; sourceTree = "<group>"; };
		756E929E2C9C8E2800378F6F /* Artworks.swift */ = {isa = PBXFileReference; lastKnownFileType = sourcecode.swift; path = Artworks.swift; sourceTree = "<group>"; };
		756E92A22C9C8E6D00378F6F /* ArtworksViewModel.swift */ = {isa = PBXFileReference; lastKnownFileType = sourcecode.swift; path = ArtworksViewModel.swift; sourceTree = "<group>"; };
		756E92A72C9C975800378F6F /* ARView.swift */ = {isa = PBXFileReference; lastKnownFileType = sourcecode.swift; path = ARView.swift; sourceTree = "<group>"; };
		756E92A92C9C977E00378F6F /* Info.plist */ = {isa = PBXFileReference; lastKnownFileType = text.plist; path = Info.plist; sourceTree = "<group>"; };
/* End PBXFileReference section */

/* Begin PBXFrameworksBuildPhase section */
		756E928A2C9C8DFA00378F6F /* Frameworks */ = {
			isa = PBXFrameworksBuildPhase;
			buildActionMask = 2147483647;
			files = (
			);
			runOnlyForDeploymentPostprocessing = 0;
		};
/* End PBXFrameworksBuildPhase section */

/* Begin PBXGroup section */
		756E92842C9C8DFA00378F6F = {
			isa = PBXGroup;
			children = (
				756E928F2C9C8DFA00378F6F /* myArt */,
				756E928E2C9C8DFA00378F6F /* Products */,
			);
			sourceTree = "<group>";
		};
		756E928E2C9C8DFA00378F6F /* Products */ = {
			isa = PBXGroup;
			children = (
				756E928D2C9C8DFA00378F6F /* myArt.app */,
			);
			name = Products;
			sourceTree = "<group>";
		};
		756E928F2C9C8DFA00378F6F /* myArt */ = {
			isa = PBXGroup;
			children = (
				756E92A92C9C977E00378F6F /* Info.plist */,
				756E92902C9C8DFA00378F6F /* myArtApp.swift */,
				756E92A02C9C8E2D00378F6F /* Models */,
				756E92A12C9C8E3900378F6F /* Views */,
				756E92A42C9C8E7300378F6F /* ViewModels */,
				756E92942C9C8DFB00378F6F /* Assets.xcassets */,
				756E92962C9C8DFB00378F6F /* Preview Content */,
			);
			path = myArt;
			sourceTree = "<group>";
		};
		756E92962C9C8DFB00378F6F /* Preview Content */ = {
			isa = PBXGroup;
			children = (
				756E92972C9C8DFB00378F6F /* Preview Assets.xcassets */,
			);
			path = "Preview Content";
			sourceTree = "<group>";
		};
		756E92A02C9C8E2D00378F6F /* Models */ = {
			isa = PBXGroup;
			children = (
				756E929E2C9C8E2800378F6F /* Artworks.swift */,
			);
			path = Models;
			sourceTree = "<group>";
		};
		756E92A12C9C8E3900378F6F /* Views */ = {
			isa = PBXGroup;
			children = (
				756E92922C9C8DFA00378F6F /* GaleryView.swift */,
				755F38E52CC3016300ADE2A8 /* ArtworkDetailView.swift */,
				756E92A72C9C975800378F6F /* ARView.swift */,
			);
			path = Views;
			sourceTree = "<group>";
		};
		756E92A42C9C8E7300378F6F /* ViewModels */ = {
			isa = PBXGroup;
			children = (
				756E92A22C9C8E6D00378F6F /* ArtworksViewModel.swift */,
			);
			path = ViewModels;
			sourceTree = "<group>";
		};
/* End PBXGroup section */

/* Begin PBXNativeTarget section */
		756E928C2C9C8DFA00378F6F /* myArt */ = {
			isa = PBXNativeTarget;
			buildConfigurationList = 756E929B2C9C8DFB00378F6F /* Build configuration list for PBXNativeTarget "myArt" */;
			buildPhases = (
				756E92892C9C8DFA00378F6F /* Sources */,
				756E928A2C9C8DFA00378F6F /* Frameworks */,
				756E928B2C9C8DFA00378F6F /* Resources */,
			);
			buildRules = (
			);
			dependencies = (
			);
			name = myArt;
			productName = myArt;
			productReference = 756E928D2C9C8DFA00378F6F /* myArt.app */;
			productType = "com.apple.product-type.application";
		};
/* End PBXNativeTarget section */

/* Begin PBXProject section */
		756E92852C9C8DFA00378F6F /* Project object */ = {
			isa = PBXProject;
			attributes = {
				BuildIndependentTargetsInParallel = 1;
				LastSwiftUpdateCheck = 1540;
				LastUpgradeCheck = 1540;
				TargetAttributes = {
					756E928C2C9C8DFA00378F6F = {
						CreatedOnToolsVersion = 15.4;
					};
				};
			};
			buildConfigurationList = 756E92882C9C8DFA00378F6F /* Build configuration list for PBXProject "myArt" */;
			compatibilityVersion = "Xcode 14.0";
			developmentRegion = en;
			hasScannedForEncodings = 0;
			knownRegions = (
				en,
				Base,
			);
			mainGroup = 756E92842C9C8DFA00378F6F;
			productRefGroup = 756E928E2C9C8DFA00378F6F /* Products */;
			projectDirPath = "";
			projectRoot = "";
			targets = (
				756E928C2C9C8DFA00378F6F /* myArt */,
			);
		};
/* End PBXProject section */

/* Begin PBXResourcesBuildPhase section */
		756E928B2C9C8DFA00378F6F /* Resources */ = {
			isa = PBXResourcesBuildPhase;
			buildActionMask = 2147483647;
			files = (
				756E92982C9C8DFB00378F6F /* Preview Assets.xcassets in Resources */,
				756E92952C9C8DFB00378F6F /* Assets.xcassets in Resources */,
			);
			runOnlyForDeploymentPostprocessing = 0;
		};
/* End PBXResourcesBuildPhase section */

/* Begin PBXSourcesBuildPhase section */
		756E92892C9C8DFA00378F6F /* Sources */ = {
			isa = PBXSourcesBuildPhase;
			buildActionMask = 2147483647;
			files = (
				756E929F2C9C8E2800378F6F /* Artworks.swift in Sources */,
				756E92932C9C8DFA00378F6F /* GaleryView.swift in Sources */,
				756E92912C9C8DFA00378F6F /* myArtApp.swift in Sources */,
				756E92A32C9C8E6D00378F6F /* ArtworksViewModel.swift in Sources */,
				756E92A82C9C975800378F6F /* ARView.swift in Sources */,
				755F38E62CC3016300ADE2A8 /* ArtworkDetailView.swift in Sources */,
			);
			runOnlyForDeploymentPostprocessing = 0;
		};
/* End PBXSourcesBuildPhase section */

/* Begin XCBuildConfiguration section */
		756E92992C9C8DFB00378F6F /* Debug */ = {
			isa = XCBuildConfiguration;
			buildSettings = {
				ALWAYS_SEARCH_USER_PATHS = NO;
				ASSETCATALOG_COMPILER_GENERATE_SWIFT_ASSET_SYMBOL_EXTENSIONS = YES;
				CLANG_ANALYZER_NONNULL = YES;
				CLANG_ANALYZER_NUMBER_OBJECT_CONVERSION = YES_AGGRESSIVE;
				CLANG_CXX_LANGUAGE_STANDARD = "gnu++20";
				CLANG_ENABLE_MODULES = YES;
				CLANG_ENABLE_OBJC_ARC = YES;
				CLANG_ENABLE_OBJC_WEAK = YES;
				CLANG_WARN_BLOCK_CAPTURE_AUTORELEASING = YES;
				CLANG_WARN_BOOL_CONVERSION = YES;
				CLANG_WARN_COMMA = YES;
				CLANG_WARN_CONSTANT_CONVERSION = YES;
				CLANG_WARN_DEPRECATED_OBJC_IMPLEMENTATIONS = YES;
				CLANG_WARN_DIRECT_OBJC_ISA_USAGE = YES_ERROR;
				CLANG_WARN_DOCUMENTATION_COMMENTS = YES;
				CLANG_WARN_EMPTY_BODY = YES;
				CLANG_WARN_ENUM_CONVERSION = YES;
				CLANG_WARN_INFINITE_RECURSION = YES;
				CLANG_WARN_INT_CONVERSION = YES;
				CLANG_WARN_NON_LITERAL_NULL_CONVERSION = YES;
				CLANG_WARN_OBJC_IMPLICIT_RETAIN_SELF = YES;
				CLANG_WARN_OBJC_LITERAL_CONVERSION = YES;
				CLANG_WARN_OBJC_ROOT_CLASS = YES_ERROR;
				CLANG_WARN_QUOTED_INCLUDE_IN_FRAMEWORK_HEADER = YES;
				CLANG_WARN_RANGE_LOOP_ANALYSIS = YES;
				CLANG_WARN_STRICT_PROTOTYPES = YES;
				CLANG_WARN_SUSPICIOUS_MOVE = YES;
				CLANG_WARN_UNGUARDED_AVAILABILITY = YES_AGGRESSIVE;
				CLANG_WARN_UNREACHABLE_CODE = YES;
				CLANG_WARN__DUPLICATE_METHOD_MATCH = YES;
				COPY_PHASE_STRIP = NO;
				DEBUG_INFORMATION_FORMAT = dwarf;
				ENABLE_STRICT_OBJC_MSGSEND = YES;
				ENABLE_TESTABILITY = YES;
				ENABLE_USER_SCRIPT_SANDBOXING = YES;
				GCC_C_LANGUAGE_STANDARD = gnu17;
				GCC_DYNAMIC_NO_PIC = NO;
				GCC_NO_COMMON_BLOCKS = YES;
				GCC_OPTIMIZATION_LEVEL = 0;
				GCC_PREPROCESSOR_DEFINITIONS = (
					"DEBUG=1",
					"$(inherited)",
				);
				GCC_WARN_64_TO_32_BIT_CONVERSION = YES;
				GCC_WARN_ABOUT_RETURN_TYPE = YES_ERROR;
				GCC_WARN_UNDECLARED_SELECTOR = YES;
				GCC_WARN_UNINITIALIZED_AUTOS = YES_AGGRESSIVE;
				GCC_WARN_UNUSED_FUNCTION = YES;
				GCC_WARN_UNUSED_VARIABLE = YES;
				IPHONEOS_DEPLOYMENT_TARGET = 17.5;
				LOCALIZATION_PREFERS_STRING_CATALOGS = YES;
				MTL_ENABLE_DEBUG_INFO = INCLUDE_SOURCE;
				MTL_FAST_MATH = YES;
				ONLY_ACTIVE_ARCH = YES;
				SDKROOT = iphoneos;
				SWIFT_ACTIVE_COMPILATION_CONDITIONS = "DEBUG $(inherited)";
				SWIFT_OPTIMIZATION_LEVEL = "-Onone";
			};
			name = Debug;
		};
		756E929A2C9C8DFB00378F6F /* Release */ = {
			isa = XCBuildConfiguration;
			buildSettings = {
				ALWAYS_SEARCH_USER_PATHS = NO;
				ASSETCATALOG_COMPILER_GENERATE_SWIFT_ASSET_SYMBOL_EXTENSIONS = YES;
				CLANG_ANALYZER_NONNULL = YES;
				CLANG_ANALYZER_NUMBER_OBJECT_CONVERSION = YES_AGGRESSIVE;
				CLANG_CXX_LANGUAGE_STANDARD = "gnu++20";
				CLANG_ENABLE_MODULES = YES;
				CLANG_ENABLE_OBJC_ARC = YES;
				CLANG_ENABLE_OBJC_WEAK = YES;
				CLANG_WARN_BLOCK_CAPTURE_AUTORELEASING = YES;
				CLANG_WARN_BOOL_CONVERSION = YES;
				CLANG_WARN_COMMA = YES;
				CLANG_WARN_CONSTANT_CONVERSION = YES;
				CLANG_WARN_DEPRECATED_OBJC_IMPLEMENTATIONS = YES;
				CLANG_WARN_DIRECT_OBJC_ISA_USAGE = YES_ERROR;
				CLANG_WARN_DOCUMENTATION_COMMENTS = YES;
				CLANG_WARN_EMPTY_BODY = YES;
				CLANG_WARN_ENUM_CONVERSION = YES;
				CLANG_WARN_INFINITE_RECURSION = YES;
				CLANG_WARN_INT_CONVERSION = YES;
				CLANG_WARN_NON_LITERAL_NULL_CONVERSION = YES;
				CLANG_WARN_OBJC_IMPLICIT_RETAIN_SELF = YES;
				CLANG_WARN_OBJC_LITERAL_CONVERSION = YES;
				CLANG_WARN_OBJC_ROOT_CLASS = YES_ERROR;
				CLANG_WARN_QUOTED_INCLUDE_IN_FRAMEWORK_HEADER = YES;
				CLANG_WARN_RANGE_LOOP_ANALYSIS = YES;
				CLANG_WARN_STRICT_PROTOTYPES = YES;
				CLANG_WARN_SUSPICIOUS_MOVE = YES;
				CLANG_WARN_UNGUARDED_AVAILABILITY = YES_AGGRESSIVE;
				CLANG_WARN_UNREACHABLE_CODE = YES;
				CLANG_WARN__DUPLICATE_METHOD_MATCH = YES;
				COPY_PHASE_STRIP = NO;
				DEBUG_INFORMATION_FORMAT = "dwarf-with-dsym";
				ENABLE_NS_ASSERTIONS = NO;
				ENABLE_STRICT_OBJC_MSGSEND = YES;
				ENABLE_USER_SCRIPT_SANDBOXING = YES;
				GCC_C_LANGUAGE_STANDARD = gnu17;
				GCC_NO_COMMON_BLOCKS = YES;
				GCC_WARN_64_TO_32_BIT_CONVERSION = YES;
				GCC_WARN_ABOUT_RETURN_TYPE = YES_ERROR;
				GCC_WARN_UNDECLARED_SELECTOR = YES;
				GCC_WARN_UNINITIALIZED_AUTOS = YES_AGGRESSIVE;
				GCC_WARN_UNUSED_FUNCTION = YES;
				GCC_WARN_UNUSED_VARIABLE = YES;
				IPHONEOS_DEPLOYMENT_TARGET = 17.5;
				LOCALIZATION_PREFERS_STRING_CATALOGS = YES;
				MTL_ENABLE_DEBUG_INFO = NO;
				MTL_FAST_MATH = YES;
				SDKROOT = iphoneos;
				SWIFT_COMPILATION_MODE = wholemodule;
				VALIDATE_PRODUCT = YES;
			};
			name = Release;
		};
		756E929C2C9C8DFB00378F6F /* Debug */ = {
			isa = XCBuildConfiguration;
			buildSettings = {
				ASSETCATALOG_COMPILER_APPICON_NAME = AppIcon;
				ASSETCATALOG_COMPILER_GLOBAL_ACCENT_COLOR_NAME = AccentColor;
				CODE_SIGN_IDENTITY = "Apple Development";
				CODE_SIGN_STYLE = Automatic;
				CURRENT_PROJECT_VERSION = 1;
				DEVELOPMENT_ASSET_PATHS = "\"myArt/Preview Content\"";
				DEVELOPMENT_TEAM = JGCN4FMFL8;
				ENABLE_PREVIEWS = YES;
				GENERATE_INFOPLIST_FILE = YES;
				INFOPLIST_FILE = myArt/Info.plist;
				INFOPLIST_KEY_UIApplicationSceneManifest_Generation = YES;
				INFOPLIST_KEY_UIApplicationSupportsIndirectInputEvents = YES;
				INFOPLIST_KEY_UILaunchScreen_Generation = YES;
				INFOPLIST_KEY_UISupportedInterfaceOrientations_iPad = "UIInterfaceOrientationPortrait UIInterfaceOrientationPortraitUpsideDown UIInterfaceOrientationLandscapeLeft UIInterfaceOrientationLandscapeRight";
				INFOPLIST_KEY_UISupportedInterfaceOrientations_iPhone = "UIInterfaceOrientationPortrait UIInterfaceOrientationLandscapeLeft UIInterfaceOrientationLandscapeRight";
				LD_RUNPATH_SEARCH_PATHS = (
					"$(inherited)",
					"@executable_path/Frameworks",
				);
				MARKETING_VERSION = 1.0;
				PRODUCT_BUNDLE_IDENTIFIER = com.Masside.myArt;
				PRODUCT_NAME = "$(TARGET_NAME)";
				PROVISIONING_PROFILE_SPECIFIER = "";
				SWIFT_EMIT_LOC_STRINGS = YES;
				SWIFT_VERSION = 5.0;
				TARGETED_DEVICE_FAMILY = "1,2";
			};
			name = Debug;
		};
		756E929D2C9C8DFB00378F6F /* Release */ = {
			isa = XCBuildConfiguration;
			buildSettings = {
				ASSETCATALOG_COMPILER_APPICON_NAME = AppIcon;
				ASSETCATALOG_COMPILER_GLOBAL_ACCENT_COLOR_NAME = AccentColor;
				CODE_SIGN_IDENTITY = "Apple Development";
				CODE_SIGN_STYLE = Automatic;
				CURRENT_PROJECT_VERSION = 1;
				DEVELOPMENT_ASSET_PATHS = "\"myArt/Preview Content\"";
				DEVELOPMENT_TEAM = JGCN4FMFL8;
				ENABLE_PREVIEWS = YES;
				GENERATE_INFOPLIST_FILE = YES;
				INFOPLIST_FILE = myArt/Info.plist;
				INFOPLIST_KEY_UIApplicationSceneManifest_Generation = YES;
				INFOPLIST_KEY_UIApplicationSupportsIndirectInputEvents = YES;
				INFOPLIST_KEY_UILaunchScreen_Generation = YES;
				INFOPLIST_KEY_UISupportedInterfaceOrientations_iPad = "UIInterfaceOrientationPortrait UIInterfaceOrientationPortraitUpsideDown UIInterfaceOrientationLandscapeLeft UIInterfaceOrientationLandscapeRight";
				INFOPLIST_KEY_UISupportedInterfaceOrientations_iPhone = "UIInterfaceOrientationPortrait UIInterfaceOrientationLandscapeLeft UIInterfaceOrientationLandscapeRight";
				LD_RUNPATH_SEARCH_PATHS = (
					"$(inherited)",
					"@executable_path/Frameworks",
				);
				MARKETING_VERSION = 1.0;
				PRODUCT_BUNDLE_IDENTIFIER = com.Masside.myArt;
				PRODUCT_NAME = "$(TARGET_NAME)";
				PROVISIONING_PROFILE_SPECIFIER = "";
				SWIFT_EMIT_LOC_STRINGS = YES;
				SWIFT_VERSION = 5.0;
				TARGETED_DEVICE_FAMILY = "1,2";
			};
			name = Release;
		};
/* End XCBuildConfiguration section */

/* Begin XCConfigurationList section */
		756E92882C9C8DFA00378F6F /* Build configuration list for PBXProject "myArt" */ = {
			isa = XCConfigurationList;
			buildConfigurations = (
				756E92992C9C8DFB00378F6F /* Debug */,
				756E929A2C9C8DFB00378F6F /* Release */,
			);
			defaultConfigurationIsVisible = 0;
			defaultConfigurationName = Release;
		};
		756E929B2C9C8DFB00378F6F /* Build configuration list for PBXNativeTarget "myArt" */ = {
			isa = XCConfigurationList;
			buildConfigurations = (
				756E929C2C9C8DFB00378F6F /* Debug */,
				756E929D2C9C8DFB00378F6F /* Release */,
			);
			defaultConfigurationIsVisible = 0;
			defaultConfigurationName = Release;
		};
/* End XCConfigurationList section */
	};
	rootObject = 756E92852C9C8DFA00378F6F /* Project object */;
}
